
Microsoft Visual Studio Solution File, Format Version 12.00
Project("{FAE04EC0-301F-11D3-BF4B-00C04F79EFBC}") = "CreateDesktopFile", "CreateDesktopFile\CreateDesktopFile.csproj", "{530DD275-3A5F-4811-9656-6062497E57D0}"
EndProject
Global
	GlobalSection(SolutionConfigurationPlatforms) = preSolution
		Debug|Any CPU = Debug|Any CPU
		Release|Any CPU = Release|Any CPU
	EndGlobalSection
	GlobalSection(ProjectConfigurationPlatforms) = postSolution
		{530DD275-3A5F-4811-9656-6062497E57D0}.Debug|Any CPU.ActiveCfg = Debug|Any CPU
		{530DD275-3A5F-4811-9656-6062497E57D0}.Debug|Any CPU.Build.0 = Debug|Any CPU
		{530DD275-3A5F-4811-9656-6062497E57D0}.Release|Any CPU.ActiveCfg = Release|Any CPU
		{530DD275-3A5F-4811-9656-6062497E57D0}.Release|Any CPU.Build.0 = Release|Any CPU
	EndGlobalSection
EndGlobal
